
Microsoft Visual Studio Solution File, Format Version 12.00
Project("{FAE04EC0-301F-11D3-BF4B-00C04F79EFBC}") = "InjectHelloWorldConsole", "InjectHelloWorldConsole\InjectHelloWorldConsole.csproj", "{CA693DF4-6A69-4AB5-92A1-0288A5DD71A8}"
EndProject
Global
	GlobalSection(SolutionConfigurationPlatforms) = preSolution
		Debug|Any CPU = Debug|Any CPU
		Release|Any CPU = Release|Any CPU
	EndGlobalSection
	GlobalSection(ProjectConfigurationPlatforms) = postSolution
		{CA693DF4-6A69-4AB5-92A1-0288A5DD71A8}.Debug|Any CPU.ActiveCfg = Debug|Any CPU
		{CA693DF4-6A69-4AB5-92A1-0288A5DD71A8}.Debug|Any CPU.Build.0 = Debug|Any CPU
		{CA693DF4-6A69-4AB5-92A1-0288A5DD71A8}.Release|Any CPU.ActiveCfg = Release|Any CPU
		{CA693DF4-6A69-4AB5-92A1-0288A5DD71A8}.Release|Any CPU.Build.0 = Release|Any CPU
	EndGlobalSection
EndGlobal
